
Microsoft Visual Studio Solution File, Format Version 12.00
Project("{FAE04EC0-301F-11D3-BF4B-00C04F79EFBC}") = "Api", "src\Api\Api.csproj", "{520CAD46-FE3F-404C-AC60-178B0E3E09C7}"
EndProject
Project("{2150E333-8FDC-42A3-9474-1A3956D46DE8}") = "src", "src", "{FBC9DB16-82ED-449F-BCBF-84060E5AB335}"
EndProject
Project("{FAE04EC0-301F-11D3-BF4B-00C04F79EFBC}") = "Domain", "src\Domain\Domain.csproj", "{82D3A9EE-16D7-4875-9926-525D2DE057B0}"
EndProject
Project("{FAE04EC0-301F-11D3-BF4B-00C04F79EFBC}") = "Infrastructure", "src\Infrastructure\Infrastructure.csproj", "{4E1A4258-60CD-462A-A6BF-33DFECA1DBCB}"
EndProject
Project("{FAE04EC0-301F-11D3-BF4B-00C04F79EFBC}") = "Application", "src\Application\Application.csproj", "{6D105AF0-2049-40EE-AEBD-787126DCC3C2}"
EndProject
Project("{2150E333-8FDC-42A3-9474-1A3956D46DE8}") = "tools", "tools", "{F7D3D999-09EF-41F8-B1D2-5D80062E5141}"
EndProject
Project("{FAE04EC0-301F-11D3-BF4B-00C04F79EFBC}") = "AppHost", "tools\AppHost\AppHost.csproj", "{8CD00190-C893-4E21-9E93-00D4C9F4DA54}"
EndProject
Project("{FAE04EC0-301F-11D3-BF4B-00C04F79EFBC}") = "ServiceDefaults", "tools\ServiceDefaults\ServiceDefaults.csproj", "{84F1C29C-89B5-4B94-A110-08D575EA8C99}"
EndProject
Global
	GlobalSection(SolutionConfigurationPlatforms) = preSolution
		Debug|Any CPU = Debug|Any CPU
		Release|Any CPU = Release|Any CPU
	EndGlobalSection
	GlobalSection(ProjectConfigurationPlatforms) = postSolution
		{520CAD46-FE3F-404C-AC60-178B0E3E09C7}.Debug|Any CPU.ActiveCfg = Debug|Any CPU
		{520CAD46-FE3F-404C-AC60-178B0E3E09C7}.Debug|Any CPU.Build.0 = Debug|Any CPU
		{520CAD46-FE3F-404C-AC60-178B0E3E09C7}.Release|Any CPU.ActiveCfg = Release|Any CPU
		{520CAD46-FE3F-404C-AC60-178B0E3E09C7}.Release|Any CPU.Build.0 = Release|Any CPU
		{82D3A9EE-16D7-4875-9926-525D2DE057B0}.Debug|Any CPU.ActiveCfg = Debug|Any CPU
		{82D3A9EE-16D7-4875-9926-525D2DE057B0}.Debug|Any CPU.Build.0 = Debug|Any CPU
		{82D3A9EE-16D7-4875-9926-525D2DE057B0}.Release|Any CPU.ActiveCfg = Release|Any CPU
		{82D3A9EE-16D7-4875-9926-525D2DE057B0}.Release|Any CPU.Build.0 = Release|Any CPU
		{4E1A4258-60CD-462A-A6BF-33DFECA1DBCB}.Debug|Any CPU.ActiveCfg = Debug|Any CPU
		{4E1A4258-60CD-462A-A6BF-33DFECA1DBCB}.Debug|Any CPU.Build.0 = Debug|Any CPU
		{4E1A4258-60CD-462A-A6BF-33DFECA1DBCB}.Release|Any CPU.ActiveCfg = Release|Any CPU
		{4E1A4258-60CD-462A-A6BF-33DFECA1DBCB}.Release|Any CPU.Build.0 = Release|Any CPU
		{6D105AF0-2049-40EE-AEBD-787126DCC3C2}.Debug|Any CPU.ActiveCfg = Debug|Any CPU
		{6D105AF0-2049-40EE-AEBD-787126DCC3C2}.Debug|Any CPU.Build.0 = Debug|Any CPU
		{6D105AF0-2049-40EE-AEBD-787126DCC3C2}.Release|Any CPU.ActiveCfg = Release|Any CPU
		{6D105AF0-2049-40EE-AEBD-787126DCC3C2}.Release|Any CPU.Build.0 = Release|Any CPU
		{8CD00190-C893-4E21-9E93-00D4C9F4DA54}.Debug|Any CPU.ActiveCfg = Debug|Any CPU
		{8CD00190-C893-4E21-9E93-00D4C9F4DA54}.Debug|Any CPU.Build.0 = Debug|Any CPU
		{8CD00190-C893-4E21-9E93-00D4C9F4DA54}.Release|Any CPU.ActiveCfg = Release|Any CPU
		{8CD00190-C893-4E21-9E93-00D4C9F4DA54}.Release|Any CPU.Build.0 = Release|Any CPU
		{84F1C29C-89B5-4B94-A110-08D575EA8C99}.Debug|Any CPU.ActiveCfg = Debug|Any CPU
		{84F1C29C-89B5-4B94-A110-08D575EA8C99}.Debug|Any CPU.Build.0 = Debug|Any CPU
		{84F1C29C-89B5-4B94-A110-08D575EA8C99}.Release|Any CPU.ActiveCfg = Release|Any CPU
		{84F1C29C-89B5-4B94-A110-08D575EA8C99}.Release|Any CPU.Build.0 = Release|Any CPU
	EndGlobalSection
	GlobalSection(NestedProjects) = preSolution
		{520CAD46-FE3F-404C-AC60-178B0E3E09C7} = {FBC9DB16-82ED-449F-BCBF-84060E5AB335}
		{82D3A9EE-16D7-4875-9926-525D2DE057B0} = {FBC9DB16-82ED-449F-BCBF-84060E5AB335}
		{4E1A4258-60CD-462A-A6BF-33DFECA1DBCB} = {FBC9DB16-82ED-449F-BCBF-84060E5AB335}
		{6D105AF0-2049-40EE-AEBD-787126DCC3C2} = {FBC9DB16-82ED-449F-BCBF-84060E5AB335}
		{8CD00190-C893-4E21-9E93-00D4C9F4DA54} = {F7D3D999-09EF-41F8-B1D2-5D80062E5141}
		{84F1C29C-89B5-4B94-A110-08D575EA8C99} = {F7D3D999-09EF-41F8-B1D2-5D80062E5141}
	EndGlobalSection
EndGlobal
