
Microsoft Visual Studio Solution File, Format Version 12.00
# Visual Studio Version 17
VisualStudioVersion = 17.14.36429.23 d17.14
MinimumVisualStudioVersion = 10.0.40219.1
Project("{FAE04EC0-301F-11D3-BF4B-00C04F79EFBC}") = "WebApi", "src\WebApi\WebApi.csproj", "{520CAD46-FE3F-404C-AC60-178B0E3E09C7}"
EndProject
Project("{2150E333-8FDC-42A3-9474-1A3956D46DE8}") = "src", "src", "{FBC9DB16-82ED-449F-BCBF-84060E5AB335}"
EndProject
Project("{FAE04EC0-301F-11D3-BF4B-00C04F79EFBC}") = "Domain", "src\Domain\Domain.csproj", "{82D3A9EE-16D7-4875-9926-525D2DE057B0}"
EndProject
Project("{FAE04EC0-301F-11D3-BF4B-00C04F79EFBC}") = "Infrastructure", "src\Infrastructure\Infrastructure.csproj", "{4E1A4258-60CD-462A-A6BF-33DFECA1DBCB}"
EndProject
Project("{FAE04EC0-301F-11D3-BF4B-00C04F79EFBC}") = "Application", "src\Application\Application.csproj", "{6D105AF0-2049-40EE-AEBD-787126DCC3C2}"
EndProject
Project("{2150E333-8FDC-42A3-9474-1A3956D46DE8}") = "tools", "tools", "{F7D3D999-09EF-41F8-B1D2-5D80062E5141}"
EndProject
Project("{FAE04EC0-301F-11D3-BF4B-00C04F79EFBC}") = "AppHost", "tools\AppHost\AppHost.csproj", "{8CD00190-C893-4E21-9E93-00D4C9F4DA54}"
EndProject
Project("{FAE04EC0-301F-11D3-BF4B-00C04F79EFBC}") = "ServiceDefaults", "tools\ServiceDefaults\ServiceDefaults.csproj", "{84F1C29C-89B5-4B94-A110-08D575EA8C99}"
EndProject
Project("{FAE04EC0-301F-11D3-BF4B-00C04F79EFBC}") = "MigrationService", "tools\MigrationService\MigrationService.csproj", "{11784029-204F-4A0D-AAFA-8F2263774F47}"
EndProject
Project("{FAE04EC0-301F-11D3-BF4B-00C04F79EFBC}") = "SharedKernel", "src\SharedKernel\SharedKernel.csproj", "{7F5FBF8F-1665-4D7E-9C88-F0C8094098B1}"
EndProject
Project("{2150E333-8FDC-42A3-9474-1A3956D46DE8}") = "tests", "tests", "{C5CED39C-DEE3-444C-9D63-577E8F14E272}"
EndProject
Project("{2150E333-8FDC-42A3-9474-1A3956D46DE8}") = "Solution Items", "Solution Items", "{8EC462FD-D22E-90A8-E5CE-7E832BA40C5D}"
	ProjectSection(SolutionItems) = preProject
		Directory.Packages.props = Directory.Packages.props
		README.md = README.md
		launch.ps1 = launch.ps1
		launch.sh = launch.sh
	EndProjectSection
EndProject
Project("{FAE04EC0-301F-11D3-BF4B-00C04F79EFBC}") = "Domain.UnitTests", "tests\Domain.UnitTests\Domain.UnitTests.csproj", "{06B1066E-C27F-4532-A407-852342AB1801}"
EndProject
Project("{FAE04EC0-301F-11D3-BF4B-00C04F79EFBC}") = "WebApi.IntegrationTests", "tests\WebApi.IntegrationTests\WebApi.IntegrationTests.csproj", "{C55E9CA0-0053-468E-BE5A-7DA276B9BDC2}"
EndProject
Global
	GlobalSection(SolutionConfigurationPlatforms) = preSolution
		Debug|Any CPU = Debug|Any CPU
		Release|Any CPU = Release|Any CPU
	EndGlobalSection
	GlobalSection(ProjectConfigurationPlatforms) = postSolution
		{520CAD46-FE3F-404C-AC60-178B0E3E09C7}.Debug|Any CPU.ActiveCfg = Debug|Any CPU
		{520CAD46-FE3F-404C-AC60-178B0E3E09C7}.Debug|Any CPU.Build.0 = Debug|Any CPU
		{520CAD46-FE3F-404C-AC60-178B0E3E09C7}.Release|Any CPU.ActiveCfg = Release|Any CPU
		{520CAD46-FE3F-404C-AC60-178B0E3E09C7}.Release|Any CPU.Build.0 = Release|Any CPU
		{82D3A9EE-16D7-4875-9926-525D2DE057B0}.Debug|Any CPU.ActiveCfg = Debug|Any CPU
		{82D3A9EE-16D7-4875-9926-525D2DE057B0}.Debug|Any CPU.Build.0 = Debug|Any CPU
		{82D3A9EE-16D7-4875-9926-525D2DE057B0}.Release|Any CPU.ActiveCfg = Release|Any CPU
		{82D3A9EE-16D7-4875-9926-525D2DE057B0}.Release|Any CPU.Build.0 = Release|Any CPU
		{4E1A4258-60CD-462A-A6BF-33DFECA1DBCB}.Debug|Any CPU.ActiveCfg = Debug|Any CPU
		{4E1A4258-60CD-462A-A6BF-33DFECA1DBCB}.Debug|Any CPU.Build.0 = Debug|Any CPU
		{4E1A4258-60CD-462A-A6BF-33DFECA1DBCB}.Release|Any CPU.ActiveCfg = Release|Any CPU
		{4E1A4258-60CD-462A-A6BF-33DFECA1DBCB}.Release|Any CPU.Build.0 = Release|Any CPU
		{6D105AF0-2049-40EE-AEBD-787126DCC3C2}.Debug|Any CPU.ActiveCfg = Debug|Any CPU
		{6D105AF0-2049-40EE-AEBD-787126DCC3C2}.Debug|Any CPU.Build.0 = Debug|Any CPU
		{6D105AF0-2049-40EE-AEBD-787126DCC3C2}.Release|Any CPU.ActiveCfg = Release|Any CPU
		{6D105AF0-2049-40EE-AEBD-787126DCC3C2}.Release|Any CPU.Build.0 = Release|Any CPU
		{8CD00190-C893-4E21-9E93-00D4C9F4DA54}.Debug|Any CPU.ActiveCfg = Debug|Any CPU
		{8CD00190-C893-4E21-9E93-00D4C9F4DA54}.Debug|Any CPU.Build.0 = Debug|Any CPU
		{8CD00190-C893-4E21-9E93-00D4C9F4DA54}.Release|Any CPU.ActiveCfg = Release|Any CPU
		{8CD00190-C893-4E21-9E93-00D4C9F4DA54}.Release|Any CPU.Build.0 = Release|Any CPU
		{84F1C29C-89B5-4B94-A110-08D575EA8C99}.Debug|Any CPU.ActiveCfg = Debug|Any CPU
		{84F1C29C-89B5-4B94-A110-08D575EA8C99}.Debug|Any CPU.Build.0 = Debug|Any CPU
		{84F1C29C-89B5-4B94-A110-08D575EA8C99}.Release|Any CPU.ActiveCfg = Release|Any CPU
		{84F1C29C-89B5-4B94-A110-08D575EA8C99}.Release|Any CPU.Build.0 = Release|Any CPU
		{11784029-204F-4A0D-AAFA-8F2263774F47}.Debug|Any CPU.ActiveCfg = Debug|Any CPU
		{11784029-204F-4A0D-AAFA-8F2263774F47}.Debug|Any CPU.Build.0 = Debug|Any CPU
		{11784029-204F-4A0D-AAFA-8F2263774F47}.Release|Any CPU.ActiveCfg = Release|Any CPU
		{11784029-204F-4A0D-AAFA-8F2263774F47}.Release|Any CPU.Build.0 = Release|Any CPU
		{7F5FBF8F-1665-4D7E-9C88-F0C8094098B1}.Debug|Any CPU.ActiveCfg = Debug|Any CPU
		{7F5FBF8F-1665-4D7E-9C88-F0C8094098B1}.Debug|Any CPU.Build.0 = Debug|Any CPU
		{7F5FBF8F-1665-4D7E-9C88-F0C8094098B1}.Release|Any CPU.ActiveCfg = Release|Any CPU
		{7F5FBF8F-1665-4D7E-9C88-F0C8094098B1}.Release|Any CPU.Build.0 = Release|Any CPU
		{06B1066E-C27F-4532-A407-852342AB1801}.Debug|Any CPU.ActiveCfg = Debug|Any CPU
		{06B1066E-C27F-4532-A407-852342AB1801}.Debug|Any CPU.Build.0 = Debug|Any CPU
		{06B1066E-C27F-4532-A407-852342AB1801}.Release|Any CPU.ActiveCfg = Release|Any CPU
		{06B1066E-C27F-4532-A407-852342AB1801}.Release|Any CPU.Build.0 = Release|Any CPU
		{C55E9CA0-0053-468E-BE5A-7DA276B9BDC2}.Debug|Any CPU.ActiveCfg = Debug|Any CPU
		{C55E9CA0-0053-468E-BE5A-7DA276B9BDC2}.Debug|Any CPU.Build.0 = Debug|Any CPU
		{C55E9CA0-0053-468E-BE5A-7DA276B9BDC2}.Release|Any CPU.ActiveCfg = Release|Any CPU
		{C55E9CA0-0053-468E-BE5A-7DA276B9BDC2}.Release|Any CPU.Build.0 = Release|Any CPU
	EndGlobalSection
	GlobalSection(SolutionProperties) = preSolution
		HideSolutionNode = FALSE
	EndGlobalSection
	GlobalSection(NestedProjects) = preSolution
		{520CAD46-FE3F-404C-AC60-178B0E3E09C7} = {FBC9DB16-82ED-449F-BCBF-84060E5AB335}
		{82D3A9EE-16D7-4875-9926-525D2DE057B0} = {FBC9DB16-82ED-449F-BCBF-84060E5AB335}
		{4E1A4258-60CD-462A-A6BF-33DFECA1DBCB} = {FBC9DB16-82ED-449F-BCBF-84060E5AB335}
		{6D105AF0-2049-40EE-AEBD-787126DCC3C2} = {FBC9DB16-82ED-449F-BCBF-84060E5AB335}
		{8CD00190-C893-4E21-9E93-00D4C9F4DA54} = {F7D3D999-09EF-41F8-B1D2-5D80062E5141}
		{84F1C29C-89B5-4B94-A110-08D575EA8C99} = {F7D3D999-09EF-41F8-B1D2-5D80062E5141}
		{11784029-204F-4A0D-AAFA-8F2263774F47} = {F7D3D999-09EF-41F8-B1D2-5D80062E5141}
		{7F5FBF8F-1665-4D7E-9C88-F0C8094098B1} = {FBC9DB16-82ED-449F-BCBF-84060E5AB335}
		{06B1066E-C27F-4532-A407-852342AB1801} = {C5CED39C-DEE3-444C-9D63-577E8F14E272}
		{C55E9CA0-0053-468E-BE5A-7DA276B9BDC2} = {C5CED39C-DEE3-444C-9D63-577E8F14E272}
	EndGlobalSection
	GlobalSection(ExtensibilityGlobals) = postSolution
		SolutionGuid = {EB1E4CCD-E692-4670-876F-CD801B783CE8}
	EndGlobalSection
EndGlobal
