
Microsoft Visual Studio Solution File, Format Version 12.00
# Visual Studio Version 17
VisualStudioVersion = 17.14.36414.22
MinimumVisualStudioVersion = 10.0.40219.1
Project("{2150E333-8FDC-42A3-9474-1A3956D46DE8}") = "src", "src", "{02EA681E-C7D8-13C7-8484-4AC65E1B71E8}"
EndProject
Project("{2150E333-8FDC-42A3-9474-1A3956D46DE8}") = "tools", "tools", "{B773B1AD-C3AE-4D43-A9F8-50928FCE74F9}"
EndProject
Project("{FAE04EC0-301F-11D3-BF4B-00C04F79EFBC}") = "AppHost", "tools\AppHost\AppHost.csproj", "{0517F572-D687-D078-F365-9A84CD539850}"
EndProject
Project("{FAE04EC0-301F-11D3-BF4B-00C04F79EFBC}") = "MigrationService", "tools\MigrationService\MigrationService.csproj", "{CF7979BF-D122-61F1-C562-482AA014DC47}"
EndProject
Project("{FAE04EC0-301F-11D3-BF4B-00C04F79EFBC}") = "ServiceDefaults", "tools\ServiceDefaults\ServiceDefaults.csproj", "{562A62A0-A173-A5B2-5A9A-F468E0DF220D}"
EndProject
Project("{FAE04EC0-301F-11D3-BF4B-00C04F79EFBC}") = "Api", "src\Api\Api.csproj", "{CBAFC0F9-5B69-AE5B-776E-B650E010DF04}"
EndProject
Project("{FAE04EC0-301F-11D3-BF4B-00C04F79EFBC}") = "Application", "src\Application\Application.csproj", "{5BDAB160-5258-45DA-1CDF-4BFCF367E785}"
EndProject
Project("{FAE04EC0-301F-11D3-BF4B-00C04F79EFBC}") = "Domain", "src\Domain\Domain.csproj", "{87EDA1D2-4B5B-E524-38CE-D0BFCA5F4D6B}"
EndProject
Project("{FAE04EC0-301F-11D3-BF4B-00C04F79EFBC}") = "Infrastructure", "src\Infrastructure\Infrastructure.csproj", "{3D745DFE-AF9A-E111-755D-FD3FFF280728}"
EndProject
Project("{FAE04EC0-301F-11D3-BF4B-00C04F79EFBC}") = "Persistence", "src\Persistence\Persistence.csproj", "{C4F00904-8DBE-0709-B376-61AA41535537}"
EndProject
Project("{FAE04EC0-301F-11D3-BF4B-00C04F79EFBC}") = "SharedKernel", "src\SharedKernel\SharedKernel.csproj", "{D1DA9BB8-A31F-5E76-AEF9-E74FC07EBD54}"
EndProject
Project("{2150E333-8FDC-42A3-9474-1A3956D46DE8}") = "Solution Items", "Solution Items", "{8EC462FD-D22E-90A8-E5CE-7E832BA40C5D}"
	ProjectSection(SolutionItems) = preProject
		requests\Authentication.http = requests\Authentication.http
	EndProjectSection
EndProject
Global
	GlobalSection(SolutionConfigurationPlatforms) = preSolution
		Debug|Any CPU = Debug|Any CPU
		Release|Any CPU = Release|Any CPU
	EndGlobalSection
	GlobalSection(ProjectConfigurationPlatforms) = postSolution
		{0517F572-D687-D078-F365-9A84CD539850}.Debug|Any CPU.ActiveCfg = Debug|Any CPU
		{0517F572-D687-D078-F365-9A84CD539850}.Debug|Any CPU.Build.0 = Debug|Any CPU
		{0517F572-D687-D078-F365-9A84CD539850}.Release|Any CPU.ActiveCfg = Release|Any CPU
		{0517F572-D687-D078-F365-9A84CD539850}.Release|Any CPU.Build.0 = Release|Any CPU
		{CF7979BF-D122-61F1-C562-482AA014DC47}.Debug|Any CPU.ActiveCfg = Debug|Any CPU
		{CF7979BF-D122-61F1-C562-482AA014DC47}.Debug|Any CPU.Build.0 = Debug|Any CPU
		{CF7979BF-D122-61F1-C562-482AA014DC47}.Release|Any CPU.ActiveCfg = Release|Any CPU
		{CF7979BF-D122-61F1-C562-482AA014DC47}.Release|Any CPU.Build.0 = Release|Any CPU
		{562A62A0-A173-A5B2-5A9A-F468E0DF220D}.Debug|Any CPU.ActiveCfg = Debug|Any CPU
		{562A62A0-A173-A5B2-5A9A-F468E0DF220D}.Debug|Any CPU.Build.0 = Debug|Any CPU
		{562A62A0-A173-A5B2-5A9A-F468E0DF220D}.Release|Any CPU.ActiveCfg = Release|Any CPU
		{562A62A0-A173-A5B2-5A9A-F468E0DF220D}.Release|Any CPU.Build.0 = Release|Any CPU
		{CBAFC0F9-5B69-AE5B-776E-B650E010DF04}.Debug|Any CPU.ActiveCfg = Debug|Any CPU
		{CBAFC0F9-5B69-AE5B-776E-B650E010DF04}.Debug|Any CPU.Build.0 = Debug|Any CPU
		{CBAFC0F9-5B69-AE5B-776E-B650E010DF04}.Release|Any CPU.ActiveCfg = Release|Any CPU
		{CBAFC0F9-5B69-AE5B-776E-B650E010DF04}.Release|Any CPU.Build.0 = Release|Any CPU
		{5BDAB160-5258-45DA-1CDF-4BFCF367E785}.Debug|Any CPU.ActiveCfg = Debug|Any CPU
		{5BDAB160-5258-45DA-1CDF-4BFCF367E785}.Debug|Any CPU.Build.0 = Debug|Any CPU
		{5BDAB160-5258-45DA-1CDF-4BFCF367E785}.Release|Any CPU.ActiveCfg = Release|Any CPU
		{5BDAB160-5258-45DA-1CDF-4BFCF367E785}.Release|Any CPU.Build.0 = Release|Any CPU
		{87EDA1D2-4B5B-E524-38CE-D0BFCA5F4D6B}.Debug|Any CPU.ActiveCfg = Debug|Any CPU
		{87EDA1D2-4B5B-E524-38CE-D0BFCA5F4D6B}.Debug|Any CPU.Build.0 = Debug|Any CPU
		{87EDA1D2-4B5B-E524-38CE-D0BFCA5F4D6B}.Release|Any CPU.ActiveCfg = Release|Any CPU
		{87EDA1D2-4B5B-E524-38CE-D0BFCA5F4D6B}.Release|Any CPU.Build.0 = Release|Any CPU
		{3D745DFE-AF9A-E111-755D-FD3FFF280728}.Debug|Any CPU.ActiveCfg = Debug|Any CPU
		{3D745DFE-AF9A-E111-755D-FD3FFF280728}.Debug|Any CPU.Build.0 = Debug|Any CPU
		{3D745DFE-AF9A-E111-755D-FD3FFF280728}.Release|Any CPU.ActiveCfg = Release|Any CPU
		{3D745DFE-AF9A-E111-755D-FD3FFF280728}.Release|Any CPU.Build.0 = Release|Any CPU
		{C4F00904-8DBE-0709-B376-61AA41535537}.Debug|Any CPU.ActiveCfg = Debug|Any CPU
		{C4F00904-8DBE-0709-B376-61AA41535537}.Debug|Any CPU.Build.0 = Debug|Any CPU
		{C4F00904-8DBE-0709-B376-61AA41535537}.Release|Any CPU.ActiveCfg = Release|Any CPU
		{C4F00904-8DBE-0709-B376-61AA41535537}.Release|Any CPU.Build.0 = Release|Any CPU
		{D1DA9BB8-A31F-5E76-AEF9-E74FC07EBD54}.Debug|Any CPU.ActiveCfg = Debug|Any CPU
		{D1DA9BB8-A31F-5E76-AEF9-E74FC07EBD54}.Debug|Any CPU.Build.0 = Debug|Any CPU
		{D1DA9BB8-A31F-5E76-AEF9-E74FC07EBD54}.Release|Any CPU.ActiveCfg = Release|Any CPU
		{D1DA9BB8-A31F-5E76-AEF9-E74FC07EBD54}.Release|Any CPU.Build.0 = Release|Any CPU
	EndGlobalSection
	GlobalSection(SolutionProperties) = preSolution
		HideSolutionNode = FALSE
	EndGlobalSection
	GlobalSection(NestedProjects) = preSolution
		{0517F572-D687-D078-F365-9A84CD539850} = {B773B1AD-C3AE-4D43-A9F8-50928FCE74F9}
		{CF7979BF-D122-61F1-C562-482AA014DC47} = {B773B1AD-C3AE-4D43-A9F8-50928FCE74F9}
		{562A62A0-A173-A5B2-5A9A-F468E0DF220D} = {B773B1AD-C3AE-4D43-A9F8-50928FCE74F9}
		{CBAFC0F9-5B69-AE5B-776E-B650E010DF04} = {02EA681E-C7D8-13C7-8484-4AC65E1B71E8}
		{5BDAB160-5258-45DA-1CDF-4BFCF367E785} = {02EA681E-C7D8-13C7-8484-4AC65E1B71E8}
		{87EDA1D2-4B5B-E524-38CE-D0BFCA5F4D6B} = {02EA681E-C7D8-13C7-8484-4AC65E1B71E8}
		{3D745DFE-AF9A-E111-755D-FD3FFF280728} = {02EA681E-C7D8-13C7-8484-4AC65E1B71E8}
		{C4F00904-8DBE-0709-B376-61AA41535537} = {02EA681E-C7D8-13C7-8484-4AC65E1B71E8}
		{D1DA9BB8-A31F-5E76-AEF9-E74FC07EBD54} = {02EA681E-C7D8-13C7-8484-4AC65E1B71E8}
	EndGlobalSection
	GlobalSection(ExtensibilityGlobals) = postSolution
		SolutionGuid = {2A75D5C1-0AE7-4300-9D26-25713248365D}
	EndGlobalSection
EndGlobal
